
Microsoft Visual Studio Solution File, Format Version 12.00
# Visual Studio Version 17
VisualStudioVersion = 17.5.002.0
MinimumVisualStudioVersion = 10.0.40219.1
Project("{9A19103F-16F7-4668-BE54-9A1E7A4F7556}") = "Doorbelle", "Doorbelle.csproj", "{F11B2391-3B2C-4497-B901-921394AB60BC}"
EndProject
Global
	GlobalSection(SolutionConfigurationPlatforms) = preSolution
		Debug|Any CPU = Debug|Any CPU
		Release|Any CPU = Release|Any CPU
	EndGlobalSection
	GlobalSection(ProjectConfigurationPlatforms) = postSolution
		{F11B2391-3B2C-4497-B901-921394AB60BC}.Debug|Any CPU.ActiveCfg = Debug|Any CPU
		{F11B2391-3B2C-4497-B901-921394AB60BC}.Debug|Any CPU.Build.0 = Debug|Any CPU
		{F11B2391-3B2C-4497-B901-921394AB60BC}.Release|Any CPU.ActiveCfg = Release|Any CPU
		{F11B2391-3B2C-4497-B901-921394AB60BC}.Release|Any CPU.Build.0 = Release|Any CPU
	EndGlobalSection
	GlobalSection(SolutionProperties) = preSolution
		HideSolutionNode = FALSE
	EndGlobalSection
	GlobalSection(ExtensibilityGlobals) = postSolution
		SolutionGuid = {3FF2C615-6BC7-428D-AA5C-4A8A9A535B68}
	EndGlobalSection
EndGlobal
